
Microsoft Visual Studio Solution File, Format Version 12.00
# Visual Studio Version 17
VisualStudioVersion = 17.10.35122.118
MinimumVisualStudioVersion = 10.0.40219.1
Project("{9A19103F-16F7-4668-BE54-9A1E7A4F7556}") = "MumsDiceGame", "MumsDiceGame\MumsDiceGame\MumsDiceGame.csproj", "{F0EF4B01-992A-4A20-95EF-BA1CFADC10E4}"
EndProject
Project("{9A19103F-16F7-4668-BE54-9A1E7A4F7556}") = "MumsDiceGame.Client", "MumsDiceGame\MumsDiceGame.Client\MumsDiceGame.Client.csproj", "{98AB915F-059F-4162-96BB-F31059C7B632}"
EndProject
Project("{2150E333-8FDC-42A3-9474-1A3956D46DE8}") = "Solution Items", "Solution Items", "{9EFE101E-0706-468A-BB16-541DA62B96BB}"
	ProjectSection(SolutionItems) = preProject
		README.md = README.md
	EndProjectSection
EndProject
Project("{9A19103F-16F7-4668-BE54-9A1E7A4F7556}") = "MumsDiceGameTest", "MumsDiceGameTest\MumsDiceGameTest.csproj", "{C1708059-43DF-4E0F-B1FD-FE7B8703D61C}"
EndProject
Project("{9A19103F-16F7-4668-BE54-9A1E7A4F7556}") = "DummyServices", "DummyServices\DummyServices.csproj", "{0D3F699D-E7B3-4613-8A5C-5142AB06A972}"
EndProject
Project("{9A19103F-16F7-4668-BE54-9A1E7A4F7556}") = "HubHelpers", "HubHelpers\HubHelpers.csproj", "{A5F1ACB9-0EB2-482F-956D-CD5FA7FE4F98}"
EndProject
Global
	GlobalSection(SolutionConfigurationPlatforms) = preSolution
		Debug|Any CPU = Debug|Any CPU
		Release|Any CPU = Release|Any CPU
	EndGlobalSection
	GlobalSection(ProjectConfigurationPlatforms) = postSolution
		{F0EF4B01-992A-4A20-95EF-BA1CFADC10E4}.Debug|Any CPU.ActiveCfg = Debug|Any CPU
		{F0EF4B01-992A-4A20-95EF-BA1CFADC10E4}.Debug|Any CPU.Build.0 = Debug|Any CPU
		{F0EF4B01-992A-4A20-95EF-BA1CFADC10E4}.Release|Any CPU.ActiveCfg = Release|Any CPU
		{F0EF4B01-992A-4A20-95EF-BA1CFADC10E4}.Release|Any CPU.Build.0 = Release|Any CPU
		{98AB915F-059F-4162-96BB-F31059C7B632}.Debug|Any CPU.ActiveCfg = Debug|Any CPU
		{98AB915F-059F-4162-96BB-F31059C7B632}.Debug|Any CPU.Build.0 = Debug|Any CPU
		{98AB915F-059F-4162-96BB-F31059C7B632}.Release|Any CPU.ActiveCfg = Release|Any CPU
		{98AB915F-059F-4162-96BB-F31059C7B632}.Release|Any CPU.Build.0 = Release|Any CPU
		{C1708059-43DF-4E0F-B1FD-FE7B8703D61C}.Debug|Any CPU.ActiveCfg = Debug|Any CPU
		{C1708059-43DF-4E0F-B1FD-FE7B8703D61C}.Debug|Any CPU.Build.0 = Debug|Any CPU
		{C1708059-43DF-4E0F-B1FD-FE7B8703D61C}.Release|Any CPU.ActiveCfg = Release|Any CPU
		{C1708059-43DF-4E0F-B1FD-FE7B8703D61C}.Release|Any CPU.Build.0 = Release|Any CPU
		{0D3F699D-E7B3-4613-8A5C-5142AB06A972}.Debug|Any CPU.ActiveCfg = Debug|Any CPU
		{0D3F699D-E7B3-4613-8A5C-5142AB06A972}.Debug|Any CPU.Build.0 = Debug|Any CPU
		{0D3F699D-E7B3-4613-8A5C-5142AB06A972}.Release|Any CPU.ActiveCfg = Release|Any CPU
		{0D3F699D-E7B3-4613-8A5C-5142AB06A972}.Release|Any CPU.Build.0 = Release|Any CPU
		{A5F1ACB9-0EB2-482F-956D-CD5FA7FE4F98}.Debug|Any CPU.ActiveCfg = Debug|Any CPU
		{A5F1ACB9-0EB2-482F-956D-CD5FA7FE4F98}.Debug|Any CPU.Build.0 = Debug|Any CPU
		{A5F1ACB9-0EB2-482F-956D-CD5FA7FE4F98}.Release|Any CPU.ActiveCfg = Release|Any CPU
		{A5F1ACB9-0EB2-482F-956D-CD5FA7FE4F98}.Release|Any CPU.Build.0 = Release|Any CPU
	EndGlobalSection
	GlobalSection(SolutionProperties) = preSolution
		HideSolutionNode = FALSE
	EndGlobalSection
	GlobalSection(NestedProjects) = preSolution
		{A5F1ACB9-0EB2-482F-956D-CD5FA7FE4F98} = {9EFE101E-0706-468A-BB16-541DA62B96BB}
	EndGlobalSection
	GlobalSection(ExtensibilityGlobals) = postSolution
		SolutionGuid = {7C39BFA9-8874-4626-BAD8-EBA1A847EC79}
	EndGlobalSection
EndGlobal
